
Microsoft Visual Studio Solution File, Format Version 12.00
# Visual Studio Version 17
VisualStudioVersion = 17.9.34728.123
MinimumVisualStudioVersion = 10.0.40219.1
Project("{9A19103F-16F7-4668-BE54-9A1E7A4F7556}") = "Zadanie", "Zadanie\Zadanie.csproj", "{3ABFD264-3D0D-44B6-9232-473B362CB63D}"
EndProject
Project("{FAE04EC0-301F-11D3-BF4B-00C04F79EFBC}") = "UnitTests", "TestProject1\UnitTests.csproj", "{B2E685E6-2BAA-4E16-8AD6-86A0BC7B7B4D}"
EndProject
Global
	GlobalSection(SolutionConfigurationPlatforms) = preSolution
		Debug|Any CPU = Debug|Any CPU
		Release|Any CPU = Release|Any CPU
	EndGlobalSection
	GlobalSection(ProjectConfigurationPlatforms) = postSolution
		{3ABFD264-3D0D-44B6-9232-473B362CB63D}.Debug|Any CPU.ActiveCfg = Debug|Any CPU
		{3ABFD264-3D0D-44B6-9232-473B362CB63D}.Debug|Any CPU.Build.0 = Debug|Any CPU
		{3ABFD264-3D0D-44B6-9232-473B362CB63D}.Release|Any CPU.ActiveCfg = Release|Any CPU
		{3ABFD264-3D0D-44B6-9232-473B362CB63D}.Release|Any CPU.Build.0 = Release|Any CPU
		{B2E685E6-2BAA-4E16-8AD6-86A0BC7B7B4D}.Debug|Any CPU.ActiveCfg = Debug|Any CPU
		{B2E685E6-2BAA-4E16-8AD6-86A0BC7B7B4D}.Debug|Any CPU.Build.0 = Debug|Any CPU
		{B2E685E6-2BAA-4E16-8AD6-86A0BC7B7B4D}.Release|Any CPU.ActiveCfg = Release|Any CPU
		{B2E685E6-2BAA-4E16-8AD6-86A0BC7B7B4D}.Release|Any CPU.Build.0 = Release|Any CPU
	EndGlobalSection
	GlobalSection(SolutionProperties) = preSolution
		HideSolutionNode = FALSE
	EndGlobalSection
	GlobalSection(ExtensibilityGlobals) = postSolution
		SolutionGuid = {6EB8C9C2-68DF-4952-8FB4-F7456253FFD9}
	EndGlobalSection
EndGlobal
